
Microsoft Visual Studio Solution File, Format Version 12.00
# Visual Studio Version 17
VisualStudioVersion = 17.5.33530.505
MinimumVisualStudioVersion = 10.0.40219.1
Project("{FAE04EC0-301F-11D3-BF4B-00C04F79EFBC}") = "StoreBilling", "StoreBilling.csproj", "{BA57FF25-755C-437A-AB85-35C298A8A45E}"
EndProject
Global
	GlobalSection(SolutionConfigurationPlatforms) = preSolution
		Debug|Any CPU = Debug|Any CPU
		Release|Any CPU = Release|Any CPU
	EndGlobalSection
	GlobalSection(ProjectConfigurationPlatforms) = postSolution
		{BA57FF25-755C-437A-AB85-35C298A8A45E}.Debug|Any CPU.ActiveCfg = Debug|Any CPU
		{BA57FF25-755C-437A-AB85-35C298A8A45E}.Debug|Any CPU.Build.0 = Debug|Any CPU
		{BA57FF25-755C-437A-AB85-35C298A8A45E}.Release|Any CPU.ActiveCfg = Release|Any CPU
		{BA57FF25-755C-437A-AB85-35C298A8A45E}.Release|Any CPU.Build.0 = Release|Any CPU
	EndGlobalSection
	GlobalSection(SolutionProperties) = preSolution
		HideSolutionNode = FALSE
	EndGlobalSection
	GlobalSection(ExtensibilityGlobals) = postSolution
		SolutionGuid = {6CC4F910-7D87-445D-ADF9-72F86CEB7438}
	EndGlobalSection
EndGlobal
